
Microsoft Visual Studio Solution File, Format Version 12.00
# Visual Studio Version 16
VisualStudioVersion = 16.0.32602.291
MinimumVisualStudioVersion = 10.0.40219.1
Project("{FAE04EC0-301F-11D3-BF4B-00C04F79EFBC}") = "SWAPIWebApp_IntelliQ", "SWAPIWebApp_IntelliQ.csproj", "{4DBB24EC-B0D5-4F98-831C-52BF967AD066}"
EndProject
Global
	GlobalSection(SolutionConfigurationPlatforms) = preSolution
		Debug|Any CPU = Debug|Any CPU
		Release|Any CPU = Release|Any CPU
	EndGlobalSection
	GlobalSection(ProjectConfigurationPlatforms) = postSolution
		{4DBB24EC-B0D5-4F98-831C-52BF967AD066}.Debug|Any CPU.ActiveCfg = Debug|Any CPU
		{4DBB24EC-B0D5-4F98-831C-52BF967AD066}.Debug|Any CPU.Build.0 = Debug|Any CPU
		{4DBB24EC-B0D5-4F98-831C-52BF967AD066}.Release|Any CPU.ActiveCfg = Release|Any CPU
		{4DBB24EC-B0D5-4F98-831C-52BF967AD066}.Release|Any CPU.Build.0 = Release|Any CPU
	EndGlobalSection
	GlobalSection(SolutionProperties) = preSolution
		HideSolutionNode = FALSE
	EndGlobalSection
	GlobalSection(ExtensibilityGlobals) = postSolution
		SolutionGuid = {E4AD7637-35BE-4E70-934B-434AEFAED366}
	EndGlobalSection
EndGlobal
